// !$*UTF8*$!
{
	archiveVersion = 1;
	classes = {
	};
	objectVersion = 50;
	objects = {

/* Begin PBXBuildFile section */
		926F4BA52690CCFB002870D2 /* AppDelegate.swift in Sources */ = {isa = PBXBuildFile; fileRef = 926F4BA42690CCFB002870D2 /* AppDelegate.swift */; };
		926F4BA72690CCFB002870D2 /* ContentView.swift in Sources */ = {isa = PBXBuildFile; fileRef = 926F4BA62690CCFB002870D2 /* ContentView.swift */; };
		926F4BA92690CCFB002870D2 /* Experience.rcproject in Sources */ = {isa = PBXBuildFile; fileRef = 926F4BA82690CCFB002870D2 /* Experience.rcproject */; };
		926F4BAB2690CCFC002870D2 /* Assets.xcassets in Resources */ = {isa = PBXBuildFile; fileRef = 926F4BAA2690CCFC002870D2 /* Assets.xcassets */; };
		926F4BAE2690CCFC002870D2 /* Preview Assets.xcassets in Resources */ = {isa = PBXBuildFile; fileRef = 926F4BAD2690CCFC002870D2 /* Preview Assets.xcassets */; };
		926F4BB92690CCFC002870D2 /* appTests.swift in Sources */ = {isa = PBXBuildFile; fileRef = 926F4BB82690CCFC002870D2 /* appTests.swift */; };
		926F4BC42690CCFC002870D2 /* appUITests.swift in Sources */ = {isa = PBXBuildFile; fileRef = 926F4BC32690CCFC002870D2 /* appUITests.swift */; };
/* End PBXBuildFile section */

/* Begin PBXContainerItemProxy section */
		926F4BB52690CCFC002870D2 /* PBXContainerItemProxy */ = {
			isa = PBXContainerItemProxy;
			containerPortal = 926F4B992690CCFB002870D2 /* Project object */;
			proxyType = 1;
			remoteGlobalIDString = 926F4BA02690CCFB002870D2;
			remoteInfo = app;
		};
		926F4BC02690CCFC002870D2 /* PBXContainerItemProxy */ = {
			isa = PBXContainerItemProxy;
			containerPortal = 926F4B992690CCFB002870D2 /* Project object */;
			proxyType = 1;
			remoteGlobalIDString = 926F4BA02690CCFB002870D2;
			remoteInfo = app;
		};
/* End PBXContainerItemProxy section */

/* Begin PBXFileReference section */
		926F4BA12690CCFB002870D2 /* app.app */ = {isa = PBXFileReference; explicitFileType = wrapper.application; includeInIndex = 0; path = app.app; sourceTree = BUILT_PRODUCTS_DIR; };
		926F4BA42690CCFB002870D2 /* AppDelegate.swift */ = {isa = PBXFileReference; lastKnownFileType = sourcecode.swift; path = AppDelegate.swift; sourceTree = "<group>"; };
		926F4BA62690CCFB002870D2 /* ContentView.swift */ = {isa = PBXFileReference; lastKnownFileType = sourcecode.swift; path = ContentView.swift; sourceTree = "<group>"; };
		926F4BA82690CCFB002870D2 /* Experience.rcproject */ = {isa = PBXFileReference; lastKnownFileType = file.rcproject; path = Experience.rcproject; sourceTree = "<group>"; };
		926F4BAA2690CCFC002870D2 /* Assets.xcassets */ = {isa = PBXFileReference; lastKnownFileType = folder.assetcatalog; path = Assets.xcassets; sourceTree = "<group>"; };
		926F4BAD2690CCFC002870D2 /* Preview Assets.xcassets */ = {isa = PBXFileReference; lastKnownFileType = folder.assetcatalog; path = "Preview Assets.xcassets"; sourceTree = "<group>"; };
		926F4BAF2690CCFC002870D2 /* Info.plist */ = {isa = PBXFileReference; lastKnownFileType = text.plist.xml; path = Info.plist; sourceTree = "<group>"; };
		926F4BB42690CCFC002870D2 /* appTests.xctest */ = {isa = PBXFileReference; explicitFileType = wrapper.cfbundle; includeInIndex = 0; path = appTests.xctest; sourceTree = BUILT_PRODUCTS_DIR; };
		926F4BB82690CCFC002870D2 /* appTests.swift */ = {isa = PBXFileReference; lastKnownFileType = sourcecode.swift; path = appTests.swift; sourceTree = "<group>"; };
		926F4BBA2690CCFC002870D2 /* Info.plist */ = {isa = PBXFileReference; lastKnownFileType = text.plist.xml; path = Info.plist; sourceTree = "<group>"; };
		926F4BBF2690CCFC002870D2 /* appUITests.xctest */ = {isa = PBXFileReference; explicitFileType = wrapper.cfbundle; includeInIndex = 0; path = appUITests.xctest; sourceTree = BUILT_PRODUCTS_DIR; };
		926F4BC32690CCFC002870D2 /* appUITests.swift */ = {isa = PBXFileReference; lastKnownFileType = sourcecode.swift; path = appUITests.swift; sourceTree = "<group>"; };
		926F4BC52690CCFC002870D2 /* Info.plist */ = {isa = PBXFileReference; lastKnownFileType = text.plist.xml; path = Info.plist; sourceTree = "<group>"; };
/* End PBXFileReference section */

/* Begin PBXFrameworksBuildPhase section */
		926F4B9E2690CCFB002870D2 /* Frameworks */ = {
			isa = PBXFrameworksBuildPhase;
			buildActionMask = 2147483647;
			files = (
			);
			runOnlyForDeploymentPostprocessing = 0;
		};
		926F4BB12690CCFC002870D2 /* Frameworks */ = {
			isa = PBXFrameworksBuildPhase;
			buildActionMask = 2147483647;
			files = (
			);
			runOnlyForDeploymentPostprocessing = 0;
		};
		926F4BBC2690CCFC002870D2 /* Frameworks */ = {
			isa = PBXFrameworksBuildPhase;
			buildActionMask = 2147483647;
			files = (
			);
			runOnlyForDeploymentPostprocessing = 0;
		};
/* End PBXFrameworksBuildPhase section */

/* Begin PBXGroup section */
		926F4B982690CCFB002870D2 = {
			isa = PBXGroup;
			children = (
				926F4BA32690CCFB002870D2 /* app */,
				926F4BB72690CCFC002870D2 /* appTests */,
				926F4BC22690CCFC002870D2 /* appUITests */,
				926F4BA22690CCFB002870D2 /* Products */,
			);
			sourceTree = "<group>";
		};
		926F4BA22690CCFB002870D2 /* Products */ = {
			isa = PBXGroup;
			children = (
				926F4BA12690CCFB002870D2 /* app.app */,
				926F4BB42690CCFC002870D2 /* appTests.xctest */,
				926F4BBF2690CCFC002870D2 /* appUITests.xctest */,
			);
			name = Products;
			sourceTree = "<group>";
		};
		926F4BA32690CCFB002870D2 /* app */ = {
			isa = PBXGroup;
			children = (
				926F4BA42690CCFB002870D2 /* AppDelegate.swift */,
				926F4BA62690CCFB002870D2 /* ContentView.swift */,
				926F4BA82690CCFB002870D2 /* Experience.rcproject */,
				926F4BAA2690CCFC002870D2 /* Assets.xcassets */,
				926F4BAF2690CCFC002870D2 /* Info.plist */,
				926F4BAC2690CCFC002870D2 /* Preview Content */,
			);
			path = app;
			sourceTree = "<group>";
		};
		926F4BAC2690CCFC002870D2 /* Preview Content */ = {
			isa = PBXGroup;
			children = (
				926F4BAD2690CCFC002870D2 /* Preview Assets.xcassets */,
			);
			path = "Preview Content";
			sourceTree = "<group>";
		};
		926F4BB72690CCFC002870D2 /* appTests */ = {
			isa = PBXGroup;
			children = (
				926F4BB82690CCFC002870D2 /* appTests.swift */,
				926F4BBA2690CCFC002870D2 /* Info.plist */,
			);
			path = appTests;
			sourceTree = "<group>";
		};
		926F4BC22690CCFC002870D2 /* appUITests */ = {
			isa = PBXGroup;
			children = (
				926F4BC32690CCFC002870D2 /* appUITests.swift */,
				926F4BC52690CCFC002870D2 /* Info.plist */,
			);
			path = appUITests;
			sourceTree = "<group>";
		};
/* End PBXGroup section */

/* Begin PBXNativeTarget section */
		926F4BA02690CCFB002870D2 /* app */ = {
			isa = PBXNativeTarget;
			buildConfigurationList = 926F4BC82690CCFC002870D2 /* Build configuration list for PBXNativeTarget "app" */;
			buildPhases = (
				926F4B9D2690CCFB002870D2 /* Sources */,
				926F4B9E2690CCFB002870D2 /* Frameworks */,
				926F4B9F2690CCFB002870D2 /* Resources */,
			);
			buildRules = (
			);
			dependencies = (
			);
			name = app;
			productName = app;
			productReference = 926F4BA12690CCFB002870D2 /* app.app */;
			productType = "com.apple.product-type.application";
		};
		926F4BB32690CCFC002870D2 /* appTests */ = {
			isa = PBXNativeTarget;
			buildConfigurationList = 926F4BCB2690CCFC002870D2 /* Build configuration list for PBXNativeTarget "appTests" */;
			buildPhases = (
				926F4BB02690CCFC002870D2 /* Sources */,
				926F4BB12690CCFC002870D2 /* Frameworks */,
				926F4BB22690CCFC002870D2 /* Resources */,
			);
			buildRules = (
			);
			dependencies = (
				926F4BB62690CCFC002870D2 /* PBXTargetDependency */,
			);
			name = appTests;
			productName = appTests;
			productReference = 926F4BB42690CCFC002870D2 /* appTests.xctest */;
			productType = "com.apple.product-type.bundle.unit-test";
		};
		926F4BBE2690CCFC002870D2 /* appUITests */ = {
			isa = PBXNativeTarget;
			buildConfigurationList = 926F4BCE2690CCFC002870D2 /* Build configuration list for PBXNativeTarget "appUITests" */;
			buildPhases = (
				926F4BBB2690CCFC002870D2 /* Sources */,
				926F4BBC2690CCFC002870D2 /* Frameworks */,
				926F4BBD2690CCFC002870D2 /* Resources */,
			);
			buildRules = (
			);
			dependencies = (
				926F4BC12690CCFC002870D2 /* PBXTargetDependency */,
			);
			name = appUITests;
			productName = appUITests;
			productReference = 926F4BBF2690CCFC002870D2 /* appUITests.xctest */;
			productType = "com.apple.product-type.bundle.ui-testing";
		};
/* End PBXNativeTarget section */

/* Begin PBXProject section */
		926F4B992690CCFB002870D2 /* Project object */ = {
			isa = PBXProject;
			attributes = {
				LastSwiftUpdateCheck = 1240;
				LastUpgradeCheck = 1240;
				TargetAttributes = {
					926F4BA02690CCFB002870D2 = {
						CreatedOnToolsVersion = 12.4;
					};
					926F4BB32690CCFC002870D2 = {
						CreatedOnToolsVersion = 12.4;
						TestTargetID = 926F4BA02690CCFB002870D2;
					};
					926F4BBE2690CCFC002870D2 = {
						CreatedOnToolsVersion = 12.4;
						TestTargetID = 926F4BA02690CCFB002870D2;
					};
				};
			};
			buildConfigurationList = 926F4B9C2690CCFB002870D2 /* Build configuration list for PBXProject "app" */;
			compatibilityVersion = "Xcode 9.3";
			developmentRegion = en;
			hasScannedForEncodings = 0;
			knownRegions = (
				en,
				Base,
			);
			mainGroup = 926F4B982690CCFB002870D2;
			productRefGroup = 926F4BA22690CCFB002870D2 /* Products */;
			projectDirPath = "";
			projectRoot = "";
			targets = (
				926F4BA02690CCFB002870D2 /* app */,
				926F4BB32690CCFC002870D2 /* appTests */,
				926F4BBE2690CCFC002870D2 /* appUITests */,
			);
		};
/* End PBXProject section */

/* Begin PBXResourcesBuildPhase section */
		926F4B9F2690CCFB002870D2 /* Resources */ = {
			isa = PBXResourcesBuildPhase;
			buildActionMask = 2147483647;
			files = (
				926F4BAE2690CCFC002870D2 /* Preview Assets.xcassets in Resources */,
				926F4BAB2690CCFC002870D2 /* Assets.xcassets in Resources */,
			);
			runOnlyForDeploymentPostprocessing = 0;
		};
		926F4BB22690CCFC002870D2 /* Resources */ = {
			isa = PBXResourcesBuildPhase;
			buildActionMask = 2147483647;
			files = (
			);
			runOnlyForDeploymentPostprocessing = 0;
		};
		926F4BBD2690CCFC002870D2 /* Resources */ = {
			isa = PBXResourcesBuildPhase;
			buildActionMask = 2147483647;
			files = (
			);
			runOnlyForDeploymentPostprocessing = 0;
		};
/* End PBXResourcesBuildPhase section */

/* Begin PBXSourcesBuildPhase section */
		926F4B9D2690CCFB002870D2 /* Sources */ = {
			isa = PBXSourcesBuildPhase;
			buildActionMask = 2147483647;
			files = (
				926F4BA72690CCFB002870D2 /* ContentView.swift in Sources */,
				926F4BA52690CCFB002870D2 /* AppDelegate.swift in Sources */,
				926F4BA92690CCFB002870D2 /* Experience.rcproject in Sources */,
			);
			runOnlyForDeploymentPostprocessing = 0;
		};
		926F4BB02690CCFC002870D2 /* Sources */ = {
			isa = PBXSourcesBuildPhase;
			buildActionMask = 2147483647;
			files = (
				926F4BB92690CCFC002870D2 /* appTests.swift in Sources */,
			);
			runOnlyForDeploymentPostprocessing = 0;
		};
		926F4BBB2690CCFC002870D2 /* Sources */ = {
			isa = PBXSourcesBuildPhase;
			buildActionMask = 2147483647;
			files = (
				926F4BC42690CCFC002870D2 /* appUITests.swift in Sources */,
			);
			runOnlyForDeploymentPostprocessing = 0;
		};
/* End PBXSourcesBuildPhase section */

/* Begin PBXTargetDependency section */
		926F4BB62690CCFC002870D2 /* PBXTargetDependency */ = {
			isa = PBXTargetDependency;
			target = 926F4BA02690CCFB002870D2 /* app */;
			targetProxy = 926F4BB52690CCFC002870D2 /* PBXContainerItemProxy */;
		};
		926F4BC12690CCFC002870D2 /* PBXTargetDependency */ = {
			isa = PBXTargetDependency;
			target = 926F4BA02690CCFB002870D2 /* app */;
			targetProxy = 926F4BC02690CCFC002870D2 /* PBXContainerItemProxy */;
		};
/* End PBXTargetDependency section */

/* Begin XCBuildConfiguration section */
		926F4BC62690CCFC002870D2 /* Debug */ = {
			isa = XCBuildConfiguration;
			buildSettings = {
				ALWAYS_SEARCH_USER_PATHS = NO;
				CLANG_ANALYZER_NONNULL = YES;
				CLANG_ANALYZER_NUMBER_OBJECT_CONVERSION = YES_AGGRESSIVE;
				CLANG_CXX_LANGUAGE_STANDARD = "gnu++14";
				CLANG_CXX_LIBRARY = "libc++";
				CLANG_ENABLE_MODULES = YES;
				CLANG_ENABLE_OBJC_ARC = YES;
				CLANG_ENABLE_OBJC_WEAK = YES;
				CLANG_WARN_BLOCK_CAPTURE_AUTORELEASING = YES;
				CLANG_WARN_BOOL_CONVERSION = YES;
				CLANG_WARN_COMMA = YES;
				CLANG_WARN_CONSTANT_CONVERSION = YES;
				CLANG_WARN_DEPRECATED_OBJC_IMPLEMENTATIONS = YES;
				CLANG_WARN_DIRECT_OBJC_ISA_USAGE = YES_ERROR;
				CLANG_WARN_DOCUMENTATION_COMMENTS = YES;
				CLANG_WARN_EMPTY_BODY = YES;
				CLANG_WARN_ENUM_CONVERSION = YES;
				CLANG_WARN_INFINITE_RECURSION = YES;
				CLANG_WARN_INT_CONVERSION = YES;
				CLANG_WARN_NON_LITERAL_NULL_CONVERSION = YES;
				CLANG_WARN_OBJC_IMPLICIT_RETAIN_SELF = YES;
				CLANG_WARN_OBJC_LITERAL_CONVERSION = YES;
				CLANG_WARN_OBJC_ROOT_CLASS = YES_ERROR;
				CLANG_WARN_QUOTED_INCLUDE_IN_FRAMEWORK_HEADER = YES;
				CLANG_WARN_RANGE_LOOP_ANALYSIS = YES;
				CLANG_WARN_STRICT_PROTOTYPES = YES;
				CLANG_WARN_SUSPICIOUS_MOVE = YES;
				CLANG_WARN_UNGUARDED_AVAILABILITY = YES_AGGRESSIVE;
				CLANG_WARN_UNREACHABLE_CODE = YES;
				CLANG_WARN__DUPLICATE_METHOD_MATCH = YES;
				COPY_PHASE_STRIP = NO;
				DEBUG_INFORMATION_FORMAT = dwarf;
				ENABLE_STRICT_OBJC_MSGSEND = YES;
				ENABLE_TESTABILITY = YES;
				GCC_C_LANGUAGE_STANDARD = gnu11;
				GCC_DYNAMIC_NO_PIC = NO;
				GCC_NO_COMMON_BLOCKS = YES;
				GCC_OPTIMIZATION_LEVEL = 0;
				GCC_PREPROCESSOR_DEFINITIONS = (
					"DEBUG=1",
					"$(inherited)",
				);
				GCC_WARN_64_TO_32_BIT_CONVERSION = YES;
				GCC_WARN_ABOUT_RETURN_TYPE = YES_ERROR;
				GCC_WARN_UNDECLARED_SELECTOR = YES;
				GCC_WARN_UNINITIALIZED_AUTOS = YES_AGGRESSIVE;
				GCC_WARN_UNUSED_FUNCTION = YES;
				GCC_WARN_UNUSED_VARIABLE = YES;
				IPHONEOS_DEPLOYMENT_TARGET = 14.4;
				MTL_ENABLE_DEBUG_INFO = INCLUDE_SOURCE;
				MTL_FAST_MATH = YES;
				ONLY_ACTIVE_ARCH = YES;
				SDKROOT = iphoneos;
				SWIFT_ACTIVE_COMPILATION_CONDITIONS = DEBUG;
				SWIFT_OPTIMIZATION_LEVEL = "-Onone";
			};
			name = Debug;
		};
		926F4BC72690CCFC002870D2 /* Release */ = {
			isa = XCBuildConfiguration;
			buildSettings = {
				ALWAYS_SEARCH_USER_PATHS = NO;
				CLANG_ANALYZER_NONNULL = YES;
				CLANG_ANALYZER_NUMBER_OBJECT_CONVERSION = YES_AGGRESSIVE;
				CLANG_CXX_LANGUAGE_STANDARD = "gnu++14";
				CLANG_CXX_LIBRARY = "libc++";
				CLANG_ENABLE_MODULES = YES;
				CLANG_ENABLE_OBJC_ARC = YES;
				CLANG_ENABLE_OBJC_WEAK = YES;
				CLANG_WARN_BLOCK_CAPTURE_AUTORELEASING = YES;
				CLANG_WARN_BOOL_CONVERSION = YES;
				CLANG_WARN_COMMA = YES;
				CLANG_WARN_CONSTANT_CONVERSION = YES;
				CLANG_WARN_DEPRECATED_OBJC_IMPLEMENTATIONS = YES;
				CLANG_WARN_DIRECT_OBJC_ISA_USAGE = YES_ERROR;
				CLANG_WARN_DOCUMENTATION_COMMENTS = YES;
				CLANG_WARN_EMPTY_BODY = YES;
				CLANG_WARN_ENUM_CONVERSION = YES;
				CLANG_WARN_INFINITE_RECURSION = YES;
				CLANG_WARN_INT_CONVERSION = YES;
				CLANG_WARN_NON_LITERAL_NULL_CONVERSION = YES;
				CLANG_WARN_OBJC_IMPLICIT_RETAIN_SELF = YES;
				CLANG_WARN_OBJC_LITERAL_CONVERSION = YES;
				CLANG_WARN_OBJC_ROOT_CLASS = YES_ERROR;
				CLANG_WARN_QUOTED_INCLUDE_IN_FRAMEWORK_HEADER = YES;
				CLANG_WARN_RANGE_LOOP_ANALYSIS = YES;
				CLANG_WARN_STRICT_PROTOTYPES = YES;
				CLANG_WARN_SUSPICIOUS_MOVE = YES;
				CLANG_WARN_UNGUARDED_AVAILABILITY = YES_AGGRESSIVE;
				CLANG_WARN_UNREACHABLE_CODE = YES;
				CLANG_WARN__DUPLICATE_METHOD_MATCH = YES;
				COPY_PHASE_STRIP = NO;
				DEBUG_INFORMATION_FORMAT = "dwarf-with-dsym";
				ENABLE_NS_ASSERTIONS = NO;
				ENABLE_STRICT_OBJC_MSGSEND = YES;
				GCC_C_LANGUAGE_STANDARD = gnu11;
				GCC_NO_COMMON_BLOCKS = YES;
				GCC_WARN_64_TO_32_BIT_CONVERSION = YES;
				GCC_WARN_ABOUT_RETURN_TYPE = YES_ERROR;
				GCC_WARN_UNDECLARED_SELECTOR = YES;
				GCC_WARN_UNINITIALIZED_AUTOS = YES_AGGRESSIVE;
				GCC_WARN_UNUSED_FUNCTION = YES;
				GCC_WARN_UNUSED_VARIABLE = YES;
				IPHONEOS_DEPLOYMENT_TARGET = 14.4;
				MTL_ENABLE_DEBUG_INFO = NO;
				MTL_FAST_MATH = YES;
				SDKROOT = iphoneos;
				SWIFT_COMPILATION_MODE = wholemodule;
				SWIFT_OPTIMIZATION_LEVEL = "-O";
				VALIDATE_PRODUCT = YES;
			};
			name = Release;
		};
		926F4BC92690CCFC002870D2 /* Debug */ = {
			isa = XCBuildConfiguration;
			buildSettings = {
				ASSETCATALOG_COMPILER_APPICON_NAME = AppIcon;
				ASSETCATALOG_COMPILER_GLOBAL_ACCENT_COLOR_NAME = AccentColor;
				CODE_SIGN_STYLE = Automatic;
				DEVELOPMENT_ASSET_PATHS = "\"app/Preview Content\"";
				ENABLE_PREVIEWS = YES;
				INFOPLIST_FILE = app/Info.plist;
				LD_RUNPATH_SEARCH_PATHS = (
					"$(inherited)",
					"@executable_path/Frameworks",
				);
				PRODUCT_BUNDLE_IDENTIFIER = com.gallify.app;
				PRODUCT_NAME = "$(TARGET_NAME)";
				SWIFT_VERSION = 5.0;
				TARGETED_DEVICE_FAMILY = "1,2";
			};
			name = Debug;
		};
		926F4BCA2690CCFC002870D2 /* Release */ = {
			isa = XCBuildConfiguration;
			buildSettings = {
				ASSETCATALOG_COMPILER_APPICON_NAME = AppIcon;
				ASSETCATALOG_COMPILER_GLOBAL_ACCENT_COLOR_NAME = AccentColor;
				CODE_SIGN_STYLE = Automatic;
				DEVELOPMENT_ASSET_PATHS = "\"app/Preview Content\"";
				ENABLE_PREVIEWS = YES;
				INFOPLIST_FILE = app/Info.plist;
				LD_RUNPATH_SEARCH_PATHS = (
					"$(inherited)",
					"@executable_path/Frameworks",
				);
				PRODUCT_BUNDLE_IDENTIFIER = com.gallify.app;
				PRODUCT_NAME = "$(TARGET_NAME)";
				SWIFT_VERSION = 5.0;
				TARGETED_DEVICE_FAMILY = "1,2";
			};
			name = Release;
		};
		926F4BCC2690CCFC002870D2 /* Debug */ = {
			isa = XCBuildConfiguration;
			buildSettings = {
				ALWAYS_EMBED_SWIFT_STANDARD_LIBRARIES = YES;
				BUNDLE_LOADER = "$(TEST_HOST)";
				CODE_SIGN_STYLE = Automatic;
				INFOPLIST_FILE = appTests/Info.plist;
				IPHONEOS_DEPLOYMENT_TARGET = 14.4;
				LD_RUNPATH_SEARCH_PATHS = (
					"$(inherited)",
					"@executable_path/Frameworks",
					"@loader_path/Frameworks",
				);
				PRODUCT_BUNDLE_IDENTIFIER = com.gallify.appTests;
				PRODUCT_NAME = "$(TARGET_NAME)";
				SWIFT_VERSION = 5.0;
				TARGETED_DEVICE_FAMILY = "1,2";
				TEST_HOST = "$(BUILT_PRODUCTS_DIR)/app.app/app";
			};
			name = Debug;
		};
		926F4BCD2690CCFC002870D2 /* Release */ = {
			isa = XCBuildConfiguration;
			buildSettings = {
				ALWAYS_EMBED_SWIFT_STANDARD_LIBRARIES = YES;
				BUNDLE_LOADER = "$(TEST_HOST)";
				CODE_SIGN_STYLE = Automatic;
				INFOPLIST_FILE = appTests/Info.plist;
				IPHONEOS_DEPLOYMENT_TARGET = 14.4;
				LD_RUNPATH_SEARCH_PATHS = (
					"$(inherited)",
					"@executable_path/Frameworks",
					"@loader_path/Frameworks",
				);
				PRODUCT_BUNDLE_IDENTIFIER = com.gallify.appTests;
				PRODUCT_NAME = "$(TARGET_NAME)";
				SWIFT_VERSION = 5.0;
				TARGETED_DEVICE_FAMILY = "1,2";
				TEST_HOST = "$(BUILT_PRODUCTS_DIR)/app.app/app";
			};
			name = Release;
		};
		926F4BCF2690CCFC002870D2 /* Debug */ = {
			isa = XCBuildConfiguration;
			buildSettings = {
				ALWAYS_EMBED_SWIFT_STANDARD_LIBRARIES = YES;
				CODE_SIGN_STYLE = Automatic;
				INFOPLIST_FILE = appUITests/Info.plist;
				LD_RUNPATH_SEARCH_PATHS = (
					"$(inherited)",
					"@executable_path/Frameworks",
					"@loader_path/Frameworks",
				);
				PRODUCT_BUNDLE_IDENTIFIER = com.gallify.appUITests;
				PRODUCT_NAME = "$(TARGET_NAME)";
				SWIFT_VERSION = 5.0;
				TARGETED_DEVICE_FAMILY = "1,2";
				TEST_TARGET_NAME = app;
			};
			name = Debug;
		};
		926F4BD02690CCFC002870D2 /* Release */ = {
			isa = XCBuildConfiguration;
			buildSettings = {
				ALWAYS_EMBED_SWIFT_STANDARD_LIBRARIES = YES;
				CODE_SIGN_STYLE = Automatic;
				INFOPLIST_FILE = appUITests/Info.plist;
				LD_RUNPATH_SEARCH_PATHS = (
					"$(inherited)",
					"@executable_path/Frameworks",
					"@loader_path/Frameworks",
				);
				PRODUCT_BUNDLE_IDENTIFIER = com.gallify.appUITests;
				PRODUCT_NAME = "$(TARGET_NAME)";
				SWIFT_VERSION = 5.0;
				TARGETED_DEVICE_FAMILY = "1,2";
				TEST_TARGET_NAME = app;
			};
			name = Release;
		};
/* End XCBuildConfiguration section */

/* Begin XCConfigurationList section */
		926F4B9C2690CCFB002870D2 /* Build configuration list for PBXProject "app" */ = {
			isa = XCConfigurationList;
			buildConfigurations = (
				926F4BC62690CCFC002870D2 /* Debug */,
				926F4BC72690CCFC002870D2 /* Release */,
			);
			defaultConfigurationIsVisible = 0;
			defaultConfigurationName = Release;
		};
		926F4BC82690CCFC002870D2 /* Build configuration list for PBXNativeTarget "app" */ = {
			isa = XCConfigurationList;
			buildConfigurations = (
				926F4BC92690CCFC002870D2 /* Debug */,
				926F4BCA2690CCFC002870D2 /* Release */,
			);
			defaultConfigurationIsVisible = 0;
			defaultConfigurationName = Release;
		};
		926F4BCB2690CCFC002870D2 /* Build configuration list for PBXNativeTarget "appTests" */ = {
			isa = XCConfigurationList;
			buildConfigurations = (
				926F4BCC2690CCFC002870D2 /* Debug */,
				926F4BCD2690CCFC002870D2 /* Release */,
			);
			defaultConfigurationIsVisible = 0;
			defaultConfigurationName = Release;
		};
		926F4BCE2690CCFC002870D2 /* Build configuration list for PBXNativeTarget "appUITests" */ = {
			isa = XCConfigurationList;
			buildConfigurations = (
				926F4BCF2690CCFC002870D2 /* Debug */,
				926F4BD02690CCFC002870D2 /* Release */,
			);
			defaultConfigurationIsVisible = 0;
			defaultConfigurationName = Release;
		};
/* End XCConfigurationList section */
	};
	rootObject = 926F4B992690CCFB002870D2 /* Project object */;
}
